
Microsoft Visual Studio Solution File, Format Version 12.00
# Visual Studio 2013
VisualStudioVersion = 12.0.31101.0
MinimumVisualStudioVersion = 10.0.40219.1
Project("{F184B08F-C81C-45F6-A57F-5ABD9991F28F}") = "GeoFDA", "GeoFDA\GeoFDA.vbproj", "{84B89F9E-5E94-4051-85CA-1AFDCD2CF6E5}"
EndProject
Global
	GlobalSection(SolutionConfigurationPlatforms) = preSolution
		Debug|x86 = Debug|x86
		Release|x86 = Release|x86
	EndGlobalSection
	GlobalSection(ProjectConfigurationPlatforms) = postSolution
		{84B89F9E-5E94-4051-85CA-1AFDCD2CF6E5}.Debug|x86.ActiveCfg = Debug|x86
		{84B89F9E-5E94-4051-85CA-1AFDCD2CF6E5}.Debug|x86.Build.0 = Debug|x86
		{84B89F9E-5E94-4051-85CA-1AFDCD2CF6E5}.Release|x86.ActiveCfg = Release|x86
		{84B89F9E-5E94-4051-85CA-1AFDCD2CF6E5}.Release|x86.Build.0 = Release|x86
	EndGlobalSection
	GlobalSection(SolutionProperties) = preSolution
		HideSolutionNode = FALSE
	EndGlobalSection
EndGlobal
